
Microsoft Visual Studio Solution File, Format Version 12.00
# Visual Studio Version 16
VisualStudioVersion = 16.0.31410.357
MinimumVisualStudioVersion = 10.0.40219.1
Project("{FAE04EC0-301F-11D3-BF4B-00C04F79EFBC}") = "Walterlv.Demo.MainApp", "Walterlv.Demo.MainApp\Walterlv.Demo.MainApp.csproj", "{9714CC97-7CC0-4130-BA7D-D612B60E9451}"
EndProject
Global
	GlobalSection(SolutionConfigurationPlatforms) = preSolution
		Debug|Any CPU = Debug|Any CPU
		Release|Any CPU = Release|Any CPU
	EndGlobalSection
	GlobalSection(ProjectConfigurationPlatforms) = postSolution
		{9714CC97-7CC0-4130-BA7D-D612B60E9451}.Debug|Any CPU.ActiveCfg = Debug|Any CPU
		{9714CC97-7CC0-4130-BA7D-D612B60E9451}.Debug|Any CPU.Build.0 = Debug|Any CPU
		{9714CC97-7CC0-4130-BA7D-D612B60E9451}.Release|Any CPU.ActiveCfg = Release|Any CPU
		{9714CC97-7CC0-4130-BA7D-D612B60E9451}.Release|Any CPU.Build.0 = Release|Any CPU
	EndGlobalSection
	GlobalSection(SolutionProperties) = preSolution
		HideSolutionNode = FALSE
	EndGlobalSection
	GlobalSection(ExtensibilityGlobals) = postSolution
		SolutionGuid = {F9CDBB02-E603-454A-B2B7-F89E0E0697BC}
	EndGlobalSection
EndGlobal
