
Microsoft Visual Studio Solution File, Format Version 12.00
# Visual Studio Version 16
VisualStudioVersion = 16.0.31410.357
MinimumVisualStudioVersion = 10.0.40219.1
Project("{9A19103F-16F7-4668-BE54-9A1E7A4F7556}") = "Walterlv.Demo.MainApp", "Walterlv.Demo.MainApp\Walterlv.Demo.MainApp.csproj", "{9714CC97-7CC0-4130-BA7D-D612B60E9451}"
EndProject
Project("{930C7802-8A8C-48F9-8165-68863BCCD9DD}") = "Walterlv.Installer.Msi", "Walterlv.Installer.Msi\Walterlv.Installer.Msi.wixproj", "{CF508A23-01D2-4233-A892-FB94A42A1274}"
EndProject
Project("{930C7802-8A8C-48F9-8165-68863BCCD9DD}") = "Walterlv.Installer.Exe", "Walterlv.Installer.Exe\Walterlv.Installer.Exe.wixproj", "{528F80CA-A8F5-4BD4-8131-59FDCD69A411}"
EndProject
Project("{FAE04EC0-301F-11D3-BF4B-00C04F79EFBC}") = "Walterlv.InstallerUI", "Walterlv.InstallerUI\Walterlv.InstallerUI.csproj", "{7F202BB3-44AE-4AA5-B4A8-8E1A6D93E851}"
EndProject
Global
	GlobalSection(SolutionConfigurationPlatforms) = preSolution
		Debug|Any CPU = Debug|Any CPU
		Debug|x86 = Debug|x86
		Release|Any CPU = Release|Any CPU
		Release|x86 = Release|x86
	EndGlobalSection
	GlobalSection(ProjectConfigurationPlatforms) = postSolution
		{9714CC97-7CC0-4130-BA7D-D612B60E9451}.Debug|Any CPU.ActiveCfg = Debug|Any CPU
		{9714CC97-7CC0-4130-BA7D-D612B60E9451}.Debug|Any CPU.Build.0 = Debug|Any CPU
		{9714CC97-7CC0-4130-BA7D-D612B60E9451}.Debug|x86.ActiveCfg = Debug|Any CPU
		{9714CC97-7CC0-4130-BA7D-D612B60E9451}.Debug|x86.Build.0 = Debug|Any CPU
		{9714CC97-7CC0-4130-BA7D-D612B60E9451}.Release|Any CPU.ActiveCfg = Release|Any CPU
		{9714CC97-7CC0-4130-BA7D-D612B60E9451}.Release|Any CPU.Build.0 = Release|Any CPU
		{9714CC97-7CC0-4130-BA7D-D612B60E9451}.Release|x86.ActiveCfg = Release|Any CPU
		{9714CC97-7CC0-4130-BA7D-D612B60E9451}.Release|x86.Build.0 = Release|Any CPU
		{CF508A23-01D2-4233-A892-FB94A42A1274}.Debug|Any CPU.ActiveCfg = Debug|x86
		{CF508A23-01D2-4233-A892-FB94A42A1274}.Debug|x86.ActiveCfg = Debug|x86
		{CF508A23-01D2-4233-A892-FB94A42A1274}.Debug|x86.Build.0 = Debug|x86
		{CF508A23-01D2-4233-A892-FB94A42A1274}.Release|Any CPU.ActiveCfg = Release|x86
		{CF508A23-01D2-4233-A892-FB94A42A1274}.Release|x86.ActiveCfg = Release|x86
		{CF508A23-01D2-4233-A892-FB94A42A1274}.Release|x86.Build.0 = Release|x86
		{528F80CA-A8F5-4BD4-8131-59FDCD69A411}.Debug|Any CPU.ActiveCfg = Debug|x86
		{528F80CA-A8F5-4BD4-8131-59FDCD69A411}.Debug|x86.ActiveCfg = Debug|x86
		{528F80CA-A8F5-4BD4-8131-59FDCD69A411}.Debug|x86.Build.0 = Debug|x86
		{528F80CA-A8F5-4BD4-8131-59FDCD69A411}.Release|Any CPU.ActiveCfg = Release|x86
		{528F80CA-A8F5-4BD4-8131-59FDCD69A411}.Release|x86.ActiveCfg = Release|x86
		{528F80CA-A8F5-4BD4-8131-59FDCD69A411}.Release|x86.Build.0 = Release|x86
		{7F202BB3-44AE-4AA5-B4A8-8E1A6D93E851}.Debug|Any CPU.ActiveCfg = Debug|Any CPU
		{7F202BB3-44AE-4AA5-B4A8-8E1A6D93E851}.Debug|Any CPU.Build.0 = Debug|Any CPU
		{7F202BB3-44AE-4AA5-B4A8-8E1A6D93E851}.Debug|x86.ActiveCfg = Debug|Any CPU
		{7F202BB3-44AE-4AA5-B4A8-8E1A6D93E851}.Debug|x86.Build.0 = Debug|Any CPU
		{7F202BB3-44AE-4AA5-B4A8-8E1A6D93E851}.Release|Any CPU.ActiveCfg = Release|Any CPU
		{7F202BB3-44AE-4AA5-B4A8-8E1A6D93E851}.Release|Any CPU.Build.0 = Release|Any CPU
		{7F202BB3-44AE-4AA5-B4A8-8E1A6D93E851}.Release|x86.ActiveCfg = Release|Any CPU
		{7F202BB3-44AE-4AA5-B4A8-8E1A6D93E851}.Release|x86.Build.0 = Release|Any CPU
	EndGlobalSection
	GlobalSection(SolutionProperties) = preSolution
		HideSolutionNode = FALSE
	EndGlobalSection
	GlobalSection(ExtensibilityGlobals) = postSolution
		SolutionGuid = {F9CDBB02-E603-454A-B2B7-F89E0E0697BC}
	EndGlobalSection
EndGlobal
